
Microsoft Visual Studio Solution File, Format Version 12.00
# Visual Studio Version 17
VisualStudioVersion = 17.11.35327.3
MinimumVisualStudioVersion = 10.0.40219.1
Project("{FAE04EC0-301F-11D3-BF4B-00C04F79EFBC}") = "SingletonPattern", "SingletonPattern\SingletonPattern.csproj", "{3FBAC670-2E1B-4FAC-A33B-6ED46F6E51EE}"
EndProject
Project("{FAE04EC0-301F-11D3-BF4B-00C04F79EFBC}") = "FactoryPattern", "FactoryPattern\FactoryPattern.csproj", "{ADE5457C-96B1-4B4B-91AA-BFEBF7D53611}"
EndProject
Project("{FAE04EC0-301F-11D3-BF4B-00C04F79EFBC}") = "AbstractFactoryPattern", "Abstract Factory Pattern\AbstractFactoryPattern.csproj", "{636ECFDC-FB86-4D7F-8D4D-D67A8C1C05A4}"
EndProject
Project("{FAE04EC0-301F-11D3-BF4B-00C04F79EFBC}") = "BuilderPattern", "BuilderPattern\BuilderPattern.csproj", "{378E417C-4B65-49B3-91F0-43D36E724A4F}"
EndProject
Project("{FAE04EC0-301F-11D3-BF4B-00C04F79EFBC}") = "PrototypePattern", "PrototypePattern\PrototypePattern.csproj", "{0BBFD107-92CF-4439-9594-4BF7AC2E7A1E}"
EndProject
Global
	GlobalSection(SolutionConfigurationPlatforms) = preSolution
		Debug|Any CPU = Debug|Any CPU
		Release|Any CPU = Release|Any CPU
	EndGlobalSection
	GlobalSection(ProjectConfigurationPlatforms) = postSolution
		{3FBAC670-2E1B-4FAC-A33B-6ED46F6E51EE}.Debug|Any CPU.ActiveCfg = Debug|Any CPU
		{3FBAC670-2E1B-4FAC-A33B-6ED46F6E51EE}.Debug|Any CPU.Build.0 = Debug|Any CPU
		{3FBAC670-2E1B-4FAC-A33B-6ED46F6E51EE}.Release|Any CPU.ActiveCfg = Release|Any CPU
		{3FBAC670-2E1B-4FAC-A33B-6ED46F6E51EE}.Release|Any CPU.Build.0 = Release|Any CPU
		{ADE5457C-96B1-4B4B-91AA-BFEBF7D53611}.Debug|Any CPU.ActiveCfg = Debug|Any CPU
		{ADE5457C-96B1-4B4B-91AA-BFEBF7D53611}.Debug|Any CPU.Build.0 = Debug|Any CPU
		{ADE5457C-96B1-4B4B-91AA-BFEBF7D53611}.Release|Any CPU.ActiveCfg = Release|Any CPU
		{ADE5457C-96B1-4B4B-91AA-BFEBF7D53611}.Release|Any CPU.Build.0 = Release|Any CPU
		{636ECFDC-FB86-4D7F-8D4D-D67A8C1C05A4}.Debug|Any CPU.ActiveCfg = Debug|Any CPU
		{636ECFDC-FB86-4D7F-8D4D-D67A8C1C05A4}.Debug|Any CPU.Build.0 = Debug|Any CPU
		{636ECFDC-FB86-4D7F-8D4D-D67A8C1C05A4}.Release|Any CPU.ActiveCfg = Release|Any CPU
		{636ECFDC-FB86-4D7F-8D4D-D67A8C1C05A4}.Release|Any CPU.Build.0 = Release|Any CPU
		{378E417C-4B65-49B3-91F0-43D36E724A4F}.Debug|Any CPU.ActiveCfg = Debug|Any CPU
		{378E417C-4B65-49B3-91F0-43D36E724A4F}.Debug|Any CPU.Build.0 = Debug|Any CPU
		{378E417C-4B65-49B3-91F0-43D36E724A4F}.Release|Any CPU.ActiveCfg = Release|Any CPU
		{378E417C-4B65-49B3-91F0-43D36E724A4F}.Release|Any CPU.Build.0 = Release|Any CPU
		{0BBFD107-92CF-4439-9594-4BF7AC2E7A1E}.Debug|Any CPU.ActiveCfg = Debug|Any CPU
		{0BBFD107-92CF-4439-9594-4BF7AC2E7A1E}.Debug|Any CPU.Build.0 = Debug|Any CPU
		{0BBFD107-92CF-4439-9594-4BF7AC2E7A1E}.Release|Any CPU.ActiveCfg = Release|Any CPU
		{0BBFD107-92CF-4439-9594-4BF7AC2E7A1E}.Release|Any CPU.Build.0 = Release|Any CPU
	EndGlobalSection
	GlobalSection(SolutionProperties) = preSolution
		HideSolutionNode = FALSE
	EndGlobalSection
	GlobalSection(ExtensibilityGlobals) = postSolution
		SolutionGuid = {0D551B7E-52ED-4BBB-AE8F-FEE05D3B001E}
	EndGlobalSection
EndGlobal
